// !$*UTF8*$!
{
	archiveVersion = 1;
	classes = {
	};
	objectVersion = 56;
	objects = {

/* Begin PBXBuildFile section */
		E49B2DE62C9454F40031BCDC /* AppDelegate.swift in Sources */ = {isa = PBXBuildFile; fileRef = E49B2DE52C9454F40031BCDC /* AppDelegate.swift */; };
		E49B2DEF2C9454F50031BCDC /* Assets.xcassets in Resources */ = {isa = PBXBuildFile; fileRef = E49B2DEE2C9454F50031BCDC /* Assets.xcassets */; };
		E4E366262C948BB90094046A /* HomeViewController.swift in Sources */ = {isa = PBXBuildFile; fileRef = E4E366252C948BB90094046A /* HomeViewController.swift */; };
		E4E366282C956C470094046A /* Home.xib in Resources */ = {isa = PBXBuildFile; fileRef = E4E366272C956C470094046A /* Home.xib */; };
		E4E3662B2C95A06F0094046A /* HomeItemCell.xib in Resources */ = {isa = PBXBuildFile; fileRef = E4E3662A2C95A06F0094046A /* HomeItemCell.xib */; };
		E4E3662D2C95A0F30094046A /* HomeItemCell.swift in Sources */ = {isa = PBXBuildFile; fileRef = E4E3662C2C95A0F30094046A /* HomeItemCell.swift */; };
		E4E366312C95E7760094046A /* FullScreen.xib in Resources */ = {isa = PBXBuildFile; fileRef = E4E366302C95E7760094046A /* FullScreen.xib */; };
		E4E366342C95F0CB0094046A /* FullScreenViewController.swift in Sources */ = {isa = PBXBuildFile; fileRef = E4E366332C95F0CB0094046A /* FullScreenViewController.swift */; };
		E4E3663A2C96D5120094046A /* FullScreenItemCell.xib in Resources */ = {isa = PBXBuildFile; fileRef = E4E366392C96D5120094046A /* FullScreenItemCell.xib */; };
		E4E3663B2C96D5120094046A /* FullScreenItemCell.swift in Sources */ = {isa = PBXBuildFile; fileRef = E4E366382C96D5120094046A /* FullScreenItemCell.swift */; };
/* End PBXBuildFile section */

/* Begin PBXFileReference section */
		E49B2DE22C9454F40031BCDC /* pixbayDemo.app */ = {isa = PBXFileReference; explicitFileType = wrapper.application; includeInIndex = 0; path = pixbayDemo.app; sourceTree = BUILT_PRODUCTS_DIR; };
		E49B2DE52C9454F40031BCDC /* AppDelegate.swift */ = {isa = PBXFileReference; lastKnownFileType = sourcecode.swift; path = AppDelegate.swift; sourceTree = "<group>"; };
		E49B2DEE2C9454F50031BCDC /* Assets.xcassets */ = {isa = PBXFileReference; lastKnownFileType = folder.assetcatalog; path = Assets.xcassets; sourceTree = "<group>"; };
		E4E366252C948BB90094046A /* HomeViewController.swift */ = {isa = PBXFileReference; lastKnownFileType = sourcecode.swift; path = HomeViewController.swift; sourceTree = "<group>"; };
		E4E366272C956C470094046A /* Home.xib */ = {isa = PBXFileReference; lastKnownFileType = file.xib; path = Home.xib; sourceTree = "<group>"; };
		E4E3662A2C95A06F0094046A /* HomeItemCell.xib */ = {isa = PBXFileReference; lastKnownFileType = file.xib; path = HomeItemCell.xib; sourceTree = "<group>"; };
		E4E3662C2C95A0F30094046A /* HomeItemCell.swift */ = {isa = PBXFileReference; lastKnownFileType = sourcecode.swift; path = HomeItemCell.swift; sourceTree = "<group>"; };
		E4E366302C95E7760094046A /* FullScreen.xib */ = {isa = PBXFileReference; lastKnownFileType = file.xib; path = FullScreen.xib; sourceTree = "<group>"; };
		E4E366332C95F0CB0094046A /* FullScreenViewController.swift */ = {isa = PBXFileReference; lastKnownFileType = sourcecode.swift; path = FullScreenViewController.swift; sourceTree = "<group>"; };
		E4E366382C96D5120094046A /* FullScreenItemCell.swift */ = {isa = PBXFileReference; lastKnownFileType = sourcecode.swift; path = FullScreenItemCell.swift; sourceTree = "<group>"; };
		E4E366392C96D5120094046A /* FullScreenItemCell.xib */ = {isa = PBXFileReference; lastKnownFileType = file.xib; path = FullScreenItemCell.xib; sourceTree = "<group>"; };
/* End PBXFileReference section */

/* Begin PBXFrameworksBuildPhase section */
		E49B2DDF2C9454F40031BCDC /* Frameworks */ = {
			isa = PBXFrameworksBuildPhase;
			buildActionMask = 2147483647;
			files = (
			);
			runOnlyForDeploymentPostprocessing = 0;
		};
/* End PBXFrameworksBuildPhase section */

/* Begin PBXGroup section */
		E49B2DD92C9454F40031BCDC = {
			isa = PBXGroup;
			children = (
				E49B2DE42C9454F40031BCDC /* pixbayDemo */,
				E49B2DE32C9454F40031BCDC /* Products */,
			);
			sourceTree = "<group>";
		};
		E49B2DE32C9454F40031BCDC /* Products */ = {
			isa = PBXGroup;
			children = (
				E49B2DE22C9454F40031BCDC /* pixbayDemo.app */,
			);
			name = Products;
			sourceTree = "<group>";
		};
		E49B2DE42C9454F40031BCDC /* pixbayDemo */ = {
			isa = PBXGroup;
			children = (
				E4E366212C9488FB0094046A /* Modules */,
				E4E366202C9488D10094046A /* Resources */,
				E4E3661F2C9488AA0094046A /* Application */,
			);
			path = pixbayDemo;
			sourceTree = "<group>";
		};
		E4E3661F2C9488AA0094046A /* Application */ = {
			isa = PBXGroup;
			children = (
				E49B2DE52C9454F40031BCDC /* AppDelegate.swift */,
			);
			path = Application;
			sourceTree = "<group>";
		};
		E4E366202C9488D10094046A /* Resources */ = {
			isa = PBXGroup;
			children = (
				E49B2DEE2C9454F50031BCDC /* Assets.xcassets */,
			);
			path = Resources;
			sourceTree = "<group>";
		};
		E4E366212C9488FB0094046A /* Modules */ = {
			isa = PBXGroup;
			children = (
				E4E3662E2C95E1DD0094046A /* Fullscreen */,
				E4E366222C94895E0094046A /* Home */,
			);
			path = Modules;
			sourceTree = "<group>";
		};
		E4E366222C94895E0094046A /* Home */ = {
			isa = PBXGroup;
			children = (
				E4E366292C959F490094046A /* Cell */,
				E4E366252C948BB90094046A /* HomeViewController.swift */,
				E4E366272C956C470094046A /* Home.xib */,
			);
			path = Home;
			sourceTree = "<group>";
		};
		E4E366292C959F490094046A /* Cell */ = {
			isa = PBXGroup;
			children = (
				E4E3662A2C95A06F0094046A /* HomeItemCell.xib */,
				E4E3662C2C95A0F30094046A /* HomeItemCell.swift */,
			);
			path = Cell;
			sourceTree = "<group>";
		};
		E4E3662E2C95E1DD0094046A /* Fullscreen */ = {
			isa = PBXGroup;
			children = (
				E4E366352C95F2F20094046A /* Cell */,
				E4E366302C95E7760094046A /* FullScreen.xib */,
				E4E366332C95F0CB0094046A /* FullScreenViewController.swift */,
			);
			path = Fullscreen;
			sourceTree = "<group>";
		};
		E4E366352C95F2F20094046A /* Cell */ = {
			isa = PBXGroup;
			children = (
				E4E366382C96D5120094046A /* FullScreenItemCell.swift */,
				E4E366392C96D5120094046A /* FullScreenItemCell.xib */,
			);
			path = Cell;
			sourceTree = "<group>";
		};
/* End PBXGroup section */

/* Begin PBXNativeTarget section */
		E49B2DE12C9454F40031BCDC /* pixbayDemo */ = {
			isa = PBXNativeTarget;
			buildConfigurationList = E49B2DF62C9454F50031BCDC /* Build configuration list for PBXNativeTarget "pixbayDemo" */;
			buildPhases = (
				E49B2DDE2C9454F40031BCDC /* Sources */,
				E49B2DDF2C9454F40031BCDC /* Frameworks */,
				E49B2DE02C9454F40031BCDC /* Resources */,
			);
			buildRules = (
			);
			dependencies = (
			);
			name = pixbayDemo;
			productName = pixbayDemo;
			productReference = E49B2DE22C9454F40031BCDC /* pixbayDemo.app */;
			productType = "com.apple.product-type.application";
		};
/* End PBXNativeTarget section */

/* Begin PBXProject section */
		E49B2DDA2C9454F40031BCDC /* Project object */ = {
			isa = PBXProject;
			attributes = {
				BuildIndependentTargetsInParallel = 1;
				LastSwiftUpdateCheck = 1530;
				LastUpgradeCheck = 1530;
				TargetAttributes = {
					E49B2DE12C9454F40031BCDC = {
						CreatedOnToolsVersion = 15.3;
					};
				};
			};
			buildConfigurationList = E49B2DDD2C9454F40031BCDC /* Build configuration list for PBXProject "pixbayDemo" */;
			compatibilityVersion = "Xcode 14.0";
			developmentRegion = en;
			hasScannedForEncodings = 0;
			knownRegions = (
				en,
				Base,
			);
			mainGroup = E49B2DD92C9454F40031BCDC;
			productRefGroup = E49B2DE32C9454F40031BCDC /* Products */;
			projectDirPath = "";
			projectRoot = "";
			targets = (
				E49B2DE12C9454F40031BCDC /* pixbayDemo */,
			);
		};
/* End PBXProject section */

/* Begin PBXResourcesBuildPhase section */
		E49B2DE02C9454F40031BCDC /* Resources */ = {
			isa = PBXResourcesBuildPhase;
			buildActionMask = 2147483647;
			files = (
				E4E3663A2C96D5120094046A /* FullScreenItemCell.xib in Resources */,
				E4E3662B2C95A06F0094046A /* HomeItemCell.xib in Resources */,
				E4E366282C956C470094046A /* Home.xib in Resources */,
				E4E366312C95E7760094046A /* FullScreen.xib in Resources */,
				E49B2DEF2C9454F50031BCDC /* Assets.xcassets in Resources */,
			);
			runOnlyForDeploymentPostprocessing = 0;
		};
/* End PBXResourcesBuildPhase section */

/* Begin PBXSourcesBuildPhase section */
		E49B2DDE2C9454F40031BCDC /* Sources */ = {
			isa = PBXSourcesBuildPhase;
			buildActionMask = 2147483647;
			files = (
				E4E3662D2C95A0F30094046A /* HomeItemCell.swift in Sources */,
				E4E3663B2C96D5120094046A /* FullScreenItemCell.swift in Sources */,
				E49B2DE62C9454F40031BCDC /* AppDelegate.swift in Sources */,
				E4E366262C948BB90094046A /* HomeViewController.swift in Sources */,
				E4E366342C95F0CB0094046A /* FullScreenViewController.swift in Sources */,
			);
			runOnlyForDeploymentPostprocessing = 0;
		};
/* End PBXSourcesBuildPhase section */

/* Begin XCBuildConfiguration section */
		E49B2DF42C9454F50031BCDC /* Debug */ = {
			isa = XCBuildConfiguration;
			buildSettings = {
				ALWAYS_SEARCH_USER_PATHS = NO;
				ASSETCATALOG_COMPILER_GENERATE_SWIFT_ASSET_SYMBOL_EXTENSIONS = YES;
				CLANG_ANALYZER_NONNULL = YES;
				CLANG_ANALYZER_NUMBER_OBJECT_CONVERSION = YES_AGGRESSIVE;
				CLANG_CXX_LANGUAGE_STANDARD = "gnu++20";
				CLANG_ENABLE_MODULES = YES;
				CLANG_ENABLE_OBJC_ARC = YES;
				CLANG_ENABLE_OBJC_WEAK = YES;
				CLANG_WARN_BLOCK_CAPTURE_AUTORELEASING = YES;
				CLANG_WARN_BOOL_CONVERSION = YES;
				CLANG_WARN_COMMA = YES;
				CLANG_WARN_CONSTANT_CONVERSION = YES;
				CLANG_WARN_DEPRECATED_OBJC_IMPLEMENTATIONS = YES;
				CLANG_WARN_DIRECT_OBJC_ISA_USAGE = YES_ERROR;
				CLANG_WARN_DOCUMENTATION_COMMENTS = YES;
				CLANG_WARN_EMPTY_BODY = YES;
				CLANG_WARN_ENUM_CONVERSION = YES;
				CLANG_WARN_INFINITE_RECURSION = YES;
				CLANG_WARN_INT_CONVERSION = YES;
				CLANG_WARN_NON_LITERAL_NULL_CONVERSION = YES;
				CLANG_WARN_OBJC_IMPLICIT_RETAIN_SELF = YES;
				CLANG_WARN_OBJC_LITERAL_CONVERSION = YES;
				CLANG_WARN_OBJC_ROOT_CLASS = YES_ERROR;
				CLANG_WARN_QUOTED_INCLUDE_IN_FRAMEWORK_HEADER = YES;
				CLANG_WARN_RANGE_LOOP_ANALYSIS = YES;
				CLANG_WARN_STRICT_PROTOTYPES = YES;
				CLANG_WARN_SUSPICIOUS_MOVE = YES;
				CLANG_WARN_UNGUARDED_AVAILABILITY = YES_AGGRESSIVE;
				CLANG_WARN_UNREACHABLE_CODE = YES;
				CLANG_WARN__DUPLICATE_METHOD_MATCH = YES;
				COPY_PHASE_STRIP = NO;
				DEBUG_INFORMATION_FORMAT = dwarf;
				ENABLE_STRICT_OBJC_MSGSEND = YES;
				ENABLE_TESTABILITY = YES;
				ENABLE_USER_SCRIPT_SANDBOXING = YES;
				GCC_C_LANGUAGE_STANDARD = gnu17;
				GCC_DYNAMIC_NO_PIC = NO;
				GCC_NO_COMMON_BLOCKS = YES;
				GCC_OPTIMIZATION_LEVEL = 0;
				GCC_PREPROCESSOR_DEFINITIONS = (
					"DEBUG=1",
					"$(inherited)",
				);
				GCC_WARN_64_TO_32_BIT_CONVERSION = YES;
				GCC_WARN_ABOUT_RETURN_TYPE = YES_ERROR;
				GCC_WARN_UNDECLARED_SELECTOR = YES;
				GCC_WARN_UNINITIALIZED_AUTOS = YES_AGGRESSIVE;
				GCC_WARN_UNUSED_FUNCTION = YES;
				GCC_WARN_UNUSED_VARIABLE = YES;
				IPHONEOS_DEPLOYMENT_TARGET = 17.4;
				LOCALIZATION_PREFERS_STRING_CATALOGS = YES;
				MTL_ENABLE_DEBUG_INFO = INCLUDE_SOURCE;
				MTL_FAST_MATH = YES;
				ONLY_ACTIVE_ARCH = YES;
				SDKROOT = iphoneos;
				SWIFT_ACTIVE_COMPILATION_CONDITIONS = "DEBUG $(inherited)";
				SWIFT_OPTIMIZATION_LEVEL = "-Onone";
			};
			name = Debug;
		};
		E49B2DF52C9454F50031BCDC /* Release */ = {
			isa = XCBuildConfiguration;
			buildSettings = {
				ALWAYS_SEARCH_USER_PATHS = NO;
				ASSETCATALOG_COMPILER_GENERATE_SWIFT_ASSET_SYMBOL_EXTENSIONS = YES;
				CLANG_ANALYZER_NONNULL = YES;
				CLANG_ANALYZER_NUMBER_OBJECT_CONVERSION = YES_AGGRESSIVE;
				CLANG_CXX_LANGUAGE_STANDARD = "gnu++20";
				CLANG_ENABLE_MODULES = YES;
				CLANG_ENABLE_OBJC_ARC = YES;
				CLANG_ENABLE_OBJC_WEAK = YES;
				CLANG_WARN_BLOCK_CAPTURE_AUTORELEASING = YES;
				CLANG_WARN_BOOL_CONVERSION = YES;
				CLANG_WARN_COMMA = YES;
				CLANG_WARN_CONSTANT_CONVERSION = YES;
				CLANG_WARN_DEPRECATED_OBJC_IMPLEMENTATIONS = YES;
				CLANG_WARN_DIRECT_OBJC_ISA_USAGE = YES_ERROR;
				CLANG_WARN_DOCUMENTATION_COMMENTS = YES;
				CLANG_WARN_EMPTY_BODY = YES;
				CLANG_WARN_ENUM_CONVERSION = YES;
				CLANG_WARN_INFINITE_RECURSION = YES;
				CLANG_WARN_INT_CONVERSION = YES;
				CLANG_WARN_NON_LITERAL_NULL_CONVERSION = YES;
				CLANG_WARN_OBJC_IMPLICIT_RETAIN_SELF = YES;
				CLANG_WARN_OBJC_LITERAL_CONVERSION = YES;
				CLANG_WARN_OBJC_ROOT_CLASS = YES_ERROR;
				CLANG_WARN_QUOTED_INCLUDE_IN_FRAMEWORK_HEADER = YES;
				CLANG_WARN_RANGE_LOOP_ANALYSIS = YES;
				CLANG_WARN_STRICT_PROTOTYPES = YES;
				CLANG_WARN_SUSPICIOUS_MOVE = YES;
				CLANG_WARN_UNGUARDED_AVAILABILITY = YES_AGGRESSIVE;
				CLANG_WARN_UNREACHABLE_CODE = YES;
				CLANG_WARN__DUPLICATE_METHOD_MATCH = YES;
				COPY_PHASE_STRIP = NO;
				DEBUG_INFORMATION_FORMAT = "dwarf-with-dsym";
				ENABLE_NS_ASSERTIONS = NO;
				ENABLE_STRICT_OBJC_MSGSEND = YES;
				ENABLE_USER_SCRIPT_SANDBOXING = YES;
				GCC_C_LANGUAGE_STANDARD = gnu17;
				GCC_NO_COMMON_BLOCKS = YES;
				GCC_WARN_64_TO_32_BIT_CONVERSION = YES;
				GCC_WARN_ABOUT_RETURN_TYPE = YES_ERROR;
				GCC_WARN_UNDECLARED_SELECTOR = YES;
				GCC_WARN_UNINITIALIZED_AUTOS = YES_AGGRESSIVE;
				GCC_WARN_UNUSED_FUNCTION = YES;
				GCC_WARN_UNUSED_VARIABLE = YES;
				IPHONEOS_DEPLOYMENT_TARGET = 17.4;
				LOCALIZATION_PREFERS_STRING_CATALOGS = YES;
				MTL_ENABLE_DEBUG_INFO = NO;
				MTL_FAST_MATH = YES;
				SDKROOT = iphoneos;
				SWIFT_COMPILATION_MODE = wholemodule;
				VALIDATE_PRODUCT = YES;
			};
			name = Release;
		};
		E49B2DF72C9454F50031BCDC /* Debug */ = {
			isa = XCBuildConfiguration;
			buildSettings = {
				ASSETCATALOG_COMPILER_APPICON_NAME = AppIcon;
				ASSETCATALOG_COMPILER_GLOBAL_ACCENT_COLOR_NAME = AccentColor;
				CODE_SIGN_STYLE = Automatic;
				CURRENT_PROJECT_VERSION = 1;
				DEVELOPMENT_TEAM = TVY5AKDK6Z;
				GENERATE_INFOPLIST_FILE = YES;
				INFOPLIST_FILE = "";
				INFOPLIST_KEY_UIApplicationSupportsIndirectInputEvents = YES;
				INFOPLIST_KEY_UILaunchStoryboardName = LaunchScreen;
				INFOPLIST_KEY_UISupportedInterfaceOrientations_iPad = "UIInterfaceOrientationPortrait UIInterfaceOrientationPortraitUpsideDown UIInterfaceOrientationLandscapeLeft UIInterfaceOrientationLandscapeRight";
				INFOPLIST_KEY_UISupportedInterfaceOrientations_iPhone = "UIInterfaceOrientationPortrait UIInterfaceOrientationLandscapeLeft UIInterfaceOrientationLandscapeRight";
				INFOPLIST_KEY_UIUserInterfaceStyle = Light;
				LD_RUNPATH_SEARCH_PATHS = (
					"$(inherited)",
					"@executable_path/Frameworks",
				);
				MARKETING_VERSION = 1.0;
				PRODUCT_BUNDLE_IDENTIFIER = com.gizmo.pixDemo.pixbayDemo;
				PRODUCT_NAME = "$(TARGET_NAME)";
				SWIFT_EMIT_LOC_STRINGS = YES;
				SWIFT_VERSION = 5.0;
				TARGETED_DEVICE_FAMILY = "1,2";
			};
			name = Debug;
		};
		E49B2DF82C9454F50031BCDC /* Release */ = {
			isa = XCBuildConfiguration;
			buildSettings = {
				ASSETCATALOG_COMPILER_APPICON_NAME = AppIcon;
				ASSETCATALOG_COMPILER_GLOBAL_ACCENT_COLOR_NAME = AccentColor;
				CODE_SIGN_STYLE = Automatic;
				CURRENT_PROJECT_VERSION = 1;
				DEVELOPMENT_TEAM = TVY5AKDK6Z;
				GENERATE_INFOPLIST_FILE = YES;
				INFOPLIST_FILE = "";
				INFOPLIST_KEY_UIApplicationSupportsIndirectInputEvents = YES;
				INFOPLIST_KEY_UILaunchStoryboardName = LaunchScreen;
				INFOPLIST_KEY_UISupportedInterfaceOrientations_iPad = "UIInterfaceOrientationPortrait UIInterfaceOrientationPortraitUpsideDown UIInterfaceOrientationLandscapeLeft UIInterfaceOrientationLandscapeRight";
				INFOPLIST_KEY_UISupportedInterfaceOrientations_iPhone = "UIInterfaceOrientationPortrait UIInterfaceOrientationLandscapeLeft UIInterfaceOrientationLandscapeRight";
				INFOPLIST_KEY_UIUserInterfaceStyle = Light;
				LD_RUNPATH_SEARCH_PATHS = (
					"$(inherited)",
					"@executable_path/Frameworks",
				);
				MARKETING_VERSION = 1.0;
				PRODUCT_BUNDLE_IDENTIFIER = com.gizmo.pixDemo.pixbayDemo;
				PRODUCT_NAME = "$(TARGET_NAME)";
				SWIFT_EMIT_LOC_STRINGS = YES;
				SWIFT_VERSION = 5.0;
				TARGETED_DEVICE_FAMILY = "1,2";
			};
			name = Release;
		};
/* End XCBuildConfiguration section */

/* Begin XCConfigurationList section */
		E49B2DDD2C9454F40031BCDC /* Build configuration list for PBXProject "pixbayDemo" */ = {
			isa = XCConfigurationList;
			buildConfigurations = (
				E49B2DF42C9454F50031BCDC /* Debug */,
				E49B2DF52C9454F50031BCDC /* Release */,
			);
			defaultConfigurationIsVisible = 0;
			defaultConfigurationName = Release;
		};
		E49B2DF62C9454F50031BCDC /* Build configuration list for PBXNativeTarget "pixbayDemo" */ = {
			isa = XCConfigurationList;
			buildConfigurations = (
				E49B2DF72C9454F50031BCDC /* Debug */,
				E49B2DF82C9454F50031BCDC /* Release */,
			);
			defaultConfigurationIsVisible = 0;
			defaultConfigurationName = Release;
		};
/* End XCConfigurationList section */
	};
	rootObject = E49B2DDA2C9454F40031BCDC /* Project object */;
}
